
Microsoft Visual Studio Solution File, Format Version 10.00
# Visual Studio 2008
Project("{FAE04EC0-301F-11D3-BF4B-00C04F79EFBC}") = "BFBotLauncher", "BFBotLauncher.csproj", "{858BAA68-AE09-4003-80D5-95218978C744}"
EndProject
Global
	GlobalSection(SolutionConfigurationPlatforms) = preSolution
		Debug|Any CPU = Debug|Any CPU
		Release|Any CPU = Release|Any CPU
	EndGlobalSection
	GlobalSection(ProjectConfigurationPlatforms) = postSolution
		{858BAA68-AE09-4003-80D5-95218978C744}.Debug|Any CPU.ActiveCfg = Debug|Any CPU
		{858BAA68-AE09-4003-80D5-95218978C744}.Debug|Any CPU.Build.0 = Debug|Any CPU
		{858BAA68-AE09-4003-80D5-95218978C744}.Release|Any CPU.ActiveCfg = Release|Any CPU
		{858BAA68-AE09-4003-80D5-95218978C744}.Release|Any CPU.Build.0 = Release|Any CPU
	EndGlobalSection
	GlobalSection(SolutionProperties) = preSolution
		HideSolutionNode = FALSE
	EndGlobalSection
EndGlobal
