
Microsoft Visual Studio Solution File, Format Version 12.00
# Visual Studio 2012
Project("{FAE04EC0-301F-11D3-BF4B-00C04F79EFBC}") = "BFBot", "BFBot.csproj", "{713E89AE-743E-438E-99DA-193CE955CEE1}"
EndProject
Project("{FAE04EC0-301F-11D3-BF4B-00C04F79EFBC}") = "BFBotDB", "..\BFBotDB\BFBotDB.csproj", "{D0827F94-5C2F-4BCE-AFBC-6E5FE2AAF97B}"
EndProject
Global
	GlobalSection(SolutionConfigurationPlatforms) = preSolution
		Debug|Any CPU = Debug|Any CPU
		Release|Any CPU = Release|Any CPU
	EndGlobalSection
	GlobalSection(ProjectConfigurationPlatforms) = postSolution
		{713E89AE-743E-438E-99DA-193CE955CEE1}.Debug|Any CPU.ActiveCfg = Debug|Any CPU
		{713E89AE-743E-438E-99DA-193CE955CEE1}.Debug|Any CPU.Build.0 = Debug|Any CPU
		{713E89AE-743E-438E-99DA-193CE955CEE1}.Release|Any CPU.ActiveCfg = Release|Any CPU
		{713E89AE-743E-438E-99DA-193CE955CEE1}.Release|Any CPU.Build.0 = Release|Any CPU
		{D0827F94-5C2F-4BCE-AFBC-6E5FE2AAF97B}.Debug|Any CPU.ActiveCfg = Debug|Any CPU
		{D0827F94-5C2F-4BCE-AFBC-6E5FE2AAF97B}.Debug|Any CPU.Build.0 = Debug|Any CPU
		{D0827F94-5C2F-4BCE-AFBC-6E5FE2AAF97B}.Release|Any CPU.ActiveCfg = Release|Any CPU
		{D0827F94-5C2F-4BCE-AFBC-6E5FE2AAF97B}.Release|Any CPU.Build.0 = Release|Any CPU
	EndGlobalSection
	GlobalSection(SolutionProperties) = preSolution
		HideSolutionNode = FALSE
	EndGlobalSection
EndGlobal
