
Microsoft Visual Studio Solution File, Format Version 12.00
# Visual Studio 2012
Project("{FAE04EC0-301F-11D3-BF4B-00C04F79EFBC}") = "DesktopInterface", "DesktopInterface.csproj", "{FAE44450-FB48-4476-9A2F-AD8F3E72065A}"
EndProject
Project("{FAE04EC0-301F-11D3-BF4B-00C04F79EFBC}") = "DataLayer", "..\..\DataLayer\DataLayer.csproj", "{05BF8BFA-C014-4626-9DFB-725921CBA73E}"
EndProject
Global
	GlobalSection(SolutionConfigurationPlatforms) = preSolution
		Debug|Any CPU = Debug|Any CPU
		Release|Any CPU = Release|Any CPU
	EndGlobalSection
	GlobalSection(ProjectConfigurationPlatforms) = postSolution
		{FAE44450-FB48-4476-9A2F-AD8F3E72065A}.Debug|Any CPU.ActiveCfg = Debug|Any CPU
		{FAE44450-FB48-4476-9A2F-AD8F3E72065A}.Debug|Any CPU.Build.0 = Debug|Any CPU
		{FAE44450-FB48-4476-9A2F-AD8F3E72065A}.Release|Any CPU.ActiveCfg = Release|Any CPU
		{FAE44450-FB48-4476-9A2F-AD8F3E72065A}.Release|Any CPU.Build.0 = Release|Any CPU
		{05BF8BFA-C014-4626-9DFB-725921CBA73E}.Debug|Any CPU.ActiveCfg = Debug|Any CPU
		{05BF8BFA-C014-4626-9DFB-725921CBA73E}.Debug|Any CPU.Build.0 = Debug|Any CPU
		{05BF8BFA-C014-4626-9DFB-725921CBA73E}.Release|Any CPU.ActiveCfg = Release|Any CPU
		{05BF8BFA-C014-4626-9DFB-725921CBA73E}.Release|Any CPU.Build.0 = Release|Any CPU
	EndGlobalSection
	GlobalSection(SolutionProperties) = preSolution
		HideSolutionNode = FALSE
	EndGlobalSection
EndGlobal
